
Microsoft Visual Studio Solution File, Format Version 12.00
# Visual Studio Version 16
VisualStudioVersion = 16.0.28822.285
MinimumVisualStudioVersion = 10.0.40219.1
Project("{FAE04EC0-301F-11D3-BF4B-00C04F79EFBC}") = "AtlasLoader", "AtlasLoader\AtlasLoader.csproj", "{C1256921-8467-44B9-B9A8-1D1EAE10B43A}"
EndProject
Project("{FAE04EC0-301F-11D3-BF4B-00C04F79EFBC}") = "AtlasLoader.Patcher", "AtlasLoader.Patcher\AtlasLoader.Patcher.csproj", "{DDBA0843-72CC-4A95-A631-DF617BBA5323}"
EndProject
Global
	GlobalSection(SolutionConfigurationPlatforms) = preSolution
		Debug|AnyCPU = Debug|AnyCPU
		Release|AnyCPU = Release|AnyCPU
	EndGlobalSection
	GlobalSection(ProjectConfigurationPlatforms) = postSolution
		{C1256921-8467-44B9-B9A8-1D1EAE10B43A}.Debug|AnyCPU.ActiveCfg = Debug|Any CPU
		{C1256921-8467-44B9-B9A8-1D1EAE10B43A}.Debug|AnyCPU.Build.0 = Debug|Any CPU
		{C1256921-8467-44B9-B9A8-1D1EAE10B43A}.Release|AnyCPU.ActiveCfg = Release|Any CPU
		{C1256921-8467-44B9-B9A8-1D1EAE10B43A}.Release|AnyCPU.Build.0 = Release|Any CPU
		{DDBA0843-72CC-4A95-A631-DF617BBA5323}.Debug|AnyCPU.ActiveCfg = Debug|Any CPU
		{DDBA0843-72CC-4A95-A631-DF617BBA5323}.Debug|AnyCPU.Build.0 = Debug|Any CPU
		{DDBA0843-72CC-4A95-A631-DF617BBA5323}.Release|AnyCPU.ActiveCfg = Release|Any CPU
		{DDBA0843-72CC-4A95-A631-DF617BBA5323}.Release|AnyCPU.Build.0 = Release|Any CPU
	EndGlobalSection
	GlobalSection(SolutionProperties) = preSolution
		HideSolutionNode = FALSE
	EndGlobalSection
	GlobalSection(ExtensibilityGlobals) = postSolution
		SolutionGuid = {0CF49AB7-4B29-4092-87BF-2F6465BDC66F}
	EndGlobalSection
EndGlobal
